// !$*UTF8*$!
{
	archiveVersion = 1;
	classes = {
	};
	objectVersion = 46;
	objects = {

/* Begin PBXBuildFile section */
		E9945B6A15E13E7B00EACAC6 /* UIKit.framework in Frameworks */ = {isa = PBXBuildFile; fileRef = E9945B6915E13E7B00EACAC6 /* UIKit.framework */; };
		E9945B6C15E13E7B00EACAC6 /* Foundation.framework in Frameworks */ = {isa = PBXBuildFile; fileRef = E9945B6B15E13E7B00EACAC6 /* Foundation.framework */; };
		E9945B6E15E13E7B00EACAC6 /* CoreGraphics.framework in Frameworks */ = {isa = PBXBuildFile; fileRef = E9945B6D15E13E7B00EACAC6 /* CoreGraphics.framework */; };
		E9945B7415E13E7B00EACAC6 /* InfoPlist.strings in Resources */ = {isa = PBXBuildFile; fileRef = E9945B7215E13E7B00EACAC6 /* InfoPlist.strings */; };
		E9945B7615E13E7C00EACAC6 /* main.m in Sources */ = {isa = PBXBuildFile; fileRef = E9945B7515E13E7C00EACAC6 /* main.m */; };
		E9945B7A15E13E7C00EACAC6 /* AppDelegate.m in Sources */ = {isa = PBXBuildFile; fileRef = E9945B7915E13E7C00EACAC6 /* AppDelegate.m */; };
		E9945B7D15E13E7C00EACAC6 /* MainStoryboard.storyboard in Resources */ = {isa = PBXBuildFile; fileRef = E9945B7B15E13E7C00EACAC6 /* MainStoryboard.storyboard */; };
		E9945B8015E13E7C00EACAC6 /* MasterViewController.m in Sources */ = {isa = PBXBuildFile; fileRef = E9945B7F15E13E7C00EACAC6 /* MasterViewController.m */; };
		E9945B8315E13E7C00EACAC6 /* DetailViewController.m in Sources */ = {isa = PBXBuildFile; fileRef = E9945B8215E13E7C00EACAC6 /* DetailViewController.m */; };
		E9945B9015E1408700EACAC6 /* appicon_57x57.png in Resources */ = {isa = PBXBuildFile; fileRef = E9945B8F15E1408700EACAC6 /* appicon_57x57.png */; };
		E9945B9215E1409D00EACAC6 /* appicon_114x114.png in Resources */ = {isa = PBXBuildFile; fileRef = E9945B9115E1409D00EACAC6 /* appicon_114x114.png */; };
		E9945B9815E1424200EACAC6 /* Default.png in Resources */ = {isa = PBXBuildFile; fileRef = E9945B9715E1424200EACAC6 /* Default.png */; };
		E9945B9A15E1424700EACAC6 /* Default@2x.png in Resources */ = {isa = PBXBuildFile; fileRef = E9945B9915E1424700EACAC6 /* Default@2x.png */; };
/* End PBXBuildFile section */

/* Begin PBXFileReference section */
		E9945B6515E13E7B00EACAC6 /* klubitus.app */ = {isa = PBXFileReference; explicitFileType = wrapper.application; includeInIndex = 0; path = klubitus.app; sourceTree = BUILT_PRODUCTS_DIR; };
		E9945B6915E13E7B00EACAC6 /* UIKit.framework */ = {isa = PBXFileReference; lastKnownFileType = wrapper.framework; name = UIKit.framework; path = System/Library/Frameworks/UIKit.framework; sourceTree = SDKROOT; };
		E9945B6B15E13E7B00EACAC6 /* Foundation.framework */ = {isa = PBXFileReference; lastKnownFileType = wrapper.framework; name = Foundation.framework; path = System/Library/Frameworks/Foundation.framework; sourceTree = SDKROOT; };
		E9945B6D15E13E7B00EACAC6 /* CoreGraphics.framework */ = {isa = PBXFileReference; lastKnownFileType = wrapper.framework; name = CoreGraphics.framework; path = System/Library/Frameworks/CoreGraphics.framework; sourceTree = SDKROOT; };
		E9945B7115E13E7B00EACAC6 /* klubitus-Info.plist */ = {isa = PBXFileReference; lastKnownFileType = text.plist.xml; path = "klubitus-Info.plist"; sourceTree = "<group>"; };
		E9945B7315E13E7B00EACAC6 /* en */ = {isa = PBXFileReference; lastKnownFileType = text.plist.strings; name = en; path = en.lproj/InfoPlist.strings; sourceTree = "<group>"; };
		E9945B7515E13E7C00EACAC6 /* main.m */ = {isa = PBXFileReference; lastKnownFileType = sourcecode.c.objc; path = main.m; sourceTree = "<group>"; };
		E9945B7715E13E7C00EACAC6 /* klubitus-Prefix.pch */ = {isa = PBXFileReference; lastKnownFileType = sourcecode.c.h; path = "klubitus-Prefix.pch"; sourceTree = "<group>"; };
		E9945B7815E13E7C00EACAC6 /* AppDelegate.h */ = {isa = PBXFileReference; lastKnownFileType = sourcecode.c.h; path = AppDelegate.h; sourceTree = "<group>"; };
		E9945B7915E13E7C00EACAC6 /* AppDelegate.m */ = {isa = PBXFileReference; lastKnownFileType = sourcecode.c.objc; path = AppDelegate.m; sourceTree = "<group>"; };
		E9945B7C15E13E7C00EACAC6 /* en */ = {isa = PBXFileReference; lastKnownFileType = file.storyboard; name = en; path = en.lproj/MainStoryboard.storyboard; sourceTree = "<group>"; };
		E9945B7E15E13E7C00EACAC6 /* MasterViewController.h */ = {isa = PBXFileReference; lastKnownFileType = sourcecode.c.h; path = MasterViewController.h; sourceTree = "<group>"; };
		E9945B7F15E13E7C00EACAC6 /* MasterViewController.m */ = {isa = PBXFileReference; lastKnownFileType = sourcecode.c.objc; path = MasterViewController.m; sourceTree = "<group>"; };
		E9945B8115E13E7C00EACAC6 /* DetailViewController.h */ = {isa = PBXFileReference; lastKnownFileType = sourcecode.c.h; path = DetailViewController.h; sourceTree = "<group>"; };
		E9945B8215E13E7C00EACAC6 /* DetailViewController.m */ = {isa = PBXFileReference; lastKnownFileType = sourcecode.c.objc; path = DetailViewController.m; sourceTree = "<group>"; };
		E9945B8F15E1408700EACAC6 /* appicon_57x57.png */ = {isa = PBXFileReference; lastKnownFileType = image.png; path = appicon_57x57.png; sourceTree = "<group>"; };
		E9945B9115E1409D00EACAC6 /* appicon_114x114.png */ = {isa = PBXFileReference; lastKnownFileType = image.png; path = appicon_114x114.png; sourceTree = "<group>"; };
		E9945B9715E1424200EACAC6 /* Default.png */ = {isa = PBXFileReference; lastKnownFileType = image.png; path = Default.png; sourceTree = "<group>"; };
		E9945B9915E1424700EACAC6 /* Default@2x.png */ = {isa = PBXFileReference; lastKnownFileType = image.png; path = "Default@2x.png"; sourceTree = "<group>"; };
/* End PBXFileReference section */

/* Begin PBXFrameworksBuildPhase section */
		E9945B6215E13E7B00EACAC6 /* Frameworks */ = {
			isa = PBXFrameworksBuildPhase;
			buildActionMask = 2147483647;
			files = (
				E9945B6A15E13E7B00EACAC6 /* UIKit.framework in Frameworks */,
				E9945B6C15E13E7B00EACAC6 /* Foundation.framework in Frameworks */,
				E9945B6E15E13E7B00EACAC6 /* CoreGraphics.framework in Frameworks */,
			);
			runOnlyForDeploymentPostprocessing = 0;
		};
/* End PBXFrameworksBuildPhase section */

/* Begin PBXGroup section */
		E9945B5A15E13E7B00EACAC6 = {
			isa = PBXGroup;
			children = (
				E9945B9915E1424700EACAC6 /* Default@2x.png */,
				E9945B9715E1424200EACAC6 /* Default.png */,
				E9945B9115E1409D00EACAC6 /* appicon_114x114.png */,
				E9945B8F15E1408700EACAC6 /* appicon_57x57.png */,
				E9945B6F15E13E7B00EACAC6 /* klubitus */,
				E9945B6815E13E7B00EACAC6 /* Frameworks */,
				E9945B6615E13E7B00EACAC6 /* Products */,
			);
			sourceTree = "<group>";
		};
		E9945B6615E13E7B00EACAC6 /* Products */ = {
			isa = PBXGroup;
			children = (
				E9945B6515E13E7B00EACAC6 /* klubitus.app */,
			);
			name = Products;
			sourceTree = "<group>";
		};
		E9945B6815E13E7B00EACAC6 /* Frameworks */ = {
			isa = PBXGroup;
			children = (
				E9945B6915E13E7B00EACAC6 /* UIKit.framework */,
				E9945B6B15E13E7B00EACAC6 /* Foundation.framework */,
				E9945B6D15E13E7B00EACAC6 /* CoreGraphics.framework */,
			);
			name = Frameworks;
			sourceTree = "<group>";
		};
		E9945B6F15E13E7B00EACAC6 /* klubitus */ = {
			isa = PBXGroup;
			children = (
				E9945B8A15E1405200EACAC6 /* GFX */,
				E9945B8915E13EE900EACAC6 /* GUI */,
				E9945B7015E13E7B00EACAC6 /* Supporting Files */,
			);
			path = klubitus;
			sourceTree = "<group>";
		};
		E9945B7015E13E7B00EACAC6 /* Supporting Files */ = {
			isa = PBXGroup;
			children = (
				E9945B7115E13E7B00EACAC6 /* klubitus-Info.plist */,
				E9945B7215E13E7B00EACAC6 /* InfoPlist.strings */,
				E9945B7515E13E7C00EACAC6 /* main.m */,
				E9945B7715E13E7C00EACAC6 /* klubitus-Prefix.pch */,
			);
			name = "Supporting Files";
			sourceTree = "<group>";
		};
		E9945B8915E13EE900EACAC6 /* GUI */ = {
			isa = PBXGroup;
			children = (
				E9945B7815E13E7C00EACAC6 /* AppDelegate.h */,
				E9945B7915E13E7C00EACAC6 /* AppDelegate.m */,
				E9945B7B15E13E7C00EACAC6 /* MainStoryboard.storyboard */,
				E9945B7E15E13E7C00EACAC6 /* MasterViewController.h */,
				E9945B7F15E13E7C00EACAC6 /* MasterViewController.m */,
				E9945B8115E13E7C00EACAC6 /* DetailViewController.h */,
				E9945B8215E13E7C00EACAC6 /* DetailViewController.m */,
			);
			name = GUI;
			sourceTree = "<group>";
		};
		E9945B8A15E1405200EACAC6 /* GFX */ = {
			isa = PBXGroup;
			children = (
			);
			name = GFX;
			sourceTree = "<group>";
		};
/* End PBXGroup section */

/* Begin PBXNativeTarget section */
		E9945B6415E13E7B00EACAC6 /* klubitus */ = {
			isa = PBXNativeTarget;
			buildConfigurationList = E9945B8615E13E7C00EACAC6 /* Build configuration list for PBXNativeTarget "klubitus" */;
			buildPhases = (
				E9945B6115E13E7B00EACAC6 /* Sources */,
				E9945B6215E13E7B00EACAC6 /* Frameworks */,
				E9945B6315E13E7B00EACAC6 /* Resources */,
			);
			buildRules = (
			);
			dependencies = (
			);
			name = klubitus;
			productName = klubitus;
			productReference = E9945B6515E13E7B00EACAC6 /* klubitus.app */;
			productType = "com.apple.product-type.application";
		};
/* End PBXNativeTarget section */

/* Begin PBXProject section */
		E9945B5C15E13E7B00EACAC6 /* Project object */ = {
			isa = PBXProject;
			attributes = {
				LastUpgradeCheck = 0440;
				ORGANIZATIONNAME = "Antti Qvickström";
			};
			buildConfigurationList = E9945B5F15E13E7B00EACAC6 /* Build configuration list for PBXProject "klubitus" */;
			compatibilityVersion = "Xcode 3.2";
			developmentRegion = English;
			hasScannedForEncodings = 0;
			knownRegions = (
				en,
			);
			mainGroup = E9945B5A15E13E7B00EACAC6;
			productRefGroup = E9945B6615E13E7B00EACAC6 /* Products */;
			projectDirPath = "";
			projectRoot = "";
			targets = (
				E9945B6415E13E7B00EACAC6 /* klubitus */,
			);
		};
/* End PBXProject section */

/* Begin PBXResourcesBuildPhase section */
		E9945B6315E13E7B00EACAC6 /* Resources */ = {
			isa = PBXResourcesBuildPhase;
			buildActionMask = 2147483647;
			files = (
				E9945B7415E13E7B00EACAC6 /* InfoPlist.strings in Resources */,
				E9945B7D15E13E7C00EACAC6 /* MainStoryboard.storyboard in Resources */,
				E9945B9015E1408700EACAC6 /* appicon_57x57.png in Resources */,
				E9945B9215E1409D00EACAC6 /* appicon_114x114.png in Resources */,
				E9945B9815E1424200EACAC6 /* Default.png in Resources */,
				E9945B9A15E1424700EACAC6 /* Default@2x.png in Resources */,
			);
			runOnlyForDeploymentPostprocessing = 0;
		};
/* End PBXResourcesBuildPhase section */

/* Begin PBXSourcesBuildPhase section */
		E9945B6115E13E7B00EACAC6 /* Sources */ = {
			isa = PBXSourcesBuildPhase;
			buildActionMask = 2147483647;
			files = (
				E9945B7615E13E7C00EACAC6 /* main.m in Sources */,
				E9945B7A15E13E7C00EACAC6 /* AppDelegate.m in Sources */,
				E9945B8015E13E7C00EACAC6 /* MasterViewController.m in Sources */,
				E9945B8315E13E7C00EACAC6 /* DetailViewController.m in Sources */,
			);
			runOnlyForDeploymentPostprocessing = 0;
		};
/* End PBXSourcesBuildPhase section */

/* Begin PBXVariantGroup section */
		E9945B7215E13E7B00EACAC6 /* InfoPlist.strings */ = {
			isa = PBXVariantGroup;
			children = (
				E9945B7315E13E7B00EACAC6 /* en */,
			);
			name = InfoPlist.strings;
			sourceTree = "<group>";
		};
		E9945B7B15E13E7C00EACAC6 /* MainStoryboard.storyboard */ = {
			isa = PBXVariantGroup;
			children = (
				E9945B7C15E13E7C00EACAC6 /* en */,
			);
			name = MainStoryboard.storyboard;
			sourceTree = "<group>";
		};
/* End PBXVariantGroup section */

/* Begin XCBuildConfiguration section */
		E9945B8415E13E7C00EACAC6 /* Debug */ = {
			isa = XCBuildConfiguration;
			buildSettings = {
				ALWAYS_SEARCH_USER_PATHS = NO;
				ARCHS = "$(ARCHS_STANDARD_32_BIT)";
				CLANG_CXX_LANGUAGE_STANDARD = "gnu++0x";
				CLANG_ENABLE_OBJC_ARC = YES;
				CLANG_WARN__DUPLICATE_METHOD_MATCH = YES;
				"CODE_SIGN_IDENTITY[sdk=iphoneos*]" = "iPhone Developer";
				COPY_PHASE_STRIP = NO;
				GCC_C_LANGUAGE_STANDARD = gnu99;
				GCC_DYNAMIC_NO_PIC = NO;
				GCC_OPTIMIZATION_LEVEL = 0;
				GCC_PREPROCESSOR_DEFINITIONS = (
					"DEBUG=1",
					"$(inherited)",
				);
				GCC_SYMBOLS_PRIVATE_EXTERN = NO;
				GCC_VERSION = com.apple.compilers.llvm.clang.1_0;
				GCC_WARN_ABOUT_RETURN_TYPE = YES;
				GCC_WARN_UNINITIALIZED_AUTOS = YES;
				GCC_WARN_UNUSED_VARIABLE = YES;
				IPHONEOS_DEPLOYMENT_TARGET = 5.1;
				SDKROOT = iphoneos;
			};
			name = Debug;
		};
		E9945B8515E13E7C00EACAC6 /* Release */ = {
			isa = XCBuildConfiguration;
			buildSettings = {
				ALWAYS_SEARCH_USER_PATHS = NO;
				ARCHS = "$(ARCHS_STANDARD_32_BIT)";
				CLANG_CXX_LANGUAGE_STANDARD = "gnu++0x";
				CLANG_ENABLE_OBJC_ARC = YES;
				CLANG_WARN__DUPLICATE_METHOD_MATCH = YES;
				"CODE_SIGN_IDENTITY[sdk=iphoneos*]" = "iPhone Developer";
				COPY_PHASE_STRIP = YES;
				GCC_C_LANGUAGE_STANDARD = gnu99;
				GCC_VERSION = com.apple.compilers.llvm.clang.1_0;
				GCC_WARN_ABOUT_RETURN_TYPE = YES;
				GCC_WARN_UNINITIALIZED_AUTOS = YES;
				GCC_WARN_UNUSED_VARIABLE = YES;
				IPHONEOS_DEPLOYMENT_TARGET = 5.1;
				OTHER_CFLAGS = "-DNS_BLOCK_ASSERTIONS=1";
				SDKROOT = iphoneos;
				VALIDATE_PRODUCT = YES;
			};
			name = Release;
		};
		E9945B8715E13E7C00EACAC6 /* Debug */ = {
			isa = XCBuildConfiguration;
			buildSettings = {
				GCC_PRECOMPILE_PREFIX_HEADER = YES;
				GCC_PREFIX_HEADER = "klubitus/klubitus-Prefix.pch";
				INFOPLIST_FILE = "klubitus/klubitus-Info.plist";
				IPHONEOS_DEPLOYMENT_TARGET = 5.1;
				PRODUCT_NAME = "$(TARGET_NAME)";
				TARGETED_DEVICE_FAMILY = 1;
				WRAPPER_EXTENSION = app;
			};
			name = Debug;
		};
		E9945B8815E13E7C00EACAC6 /* Release */ = {
			isa = XCBuildConfiguration;
			buildSettings = {
				GCC_PRECOMPILE_PREFIX_HEADER = YES;
				GCC_PREFIX_HEADER = "klubitus/klubitus-Prefix.pch";
				INFOPLIST_FILE = "klubitus/klubitus-Info.plist";
				IPHONEOS_DEPLOYMENT_TARGET = 5.1;
				PRODUCT_NAME = "$(TARGET_NAME)";
				TARGETED_DEVICE_FAMILY = 1;
				WRAPPER_EXTENSION = app;
			};
			name = Release;
		};
/* End XCBuildConfiguration section */

/* Begin XCConfigurationList section */
		E9945B5F15E13E7B00EACAC6 /* Build configuration list for PBXProject "klubitus" */ = {
			isa = XCConfigurationList;
			buildConfigurations = (
				E9945B8415E13E7C00EACAC6 /* Debug */,
				E9945B8515E13E7C00EACAC6 /* Release */,
			);
			defaultConfigurationIsVisible = 0;
			defaultConfigurationName = Release;
		};
		E9945B8615E13E7C00EACAC6 /* Build configuration list for PBXNativeTarget "klubitus" */ = {
			isa = XCConfigurationList;
			buildConfigurations = (
				E9945B8715E13E7C00EACAC6 /* Debug */,
				E9945B8815E13E7C00EACAC6 /* Release */,
			);
			defaultConfigurationIsVisible = 0;
		};
/* End XCConfigurationList section */
	};
	rootObject = E9945B5C15E13E7B00EACAC6 /* Project object */;
}
