// !$*UTF8*$!
{
	archiveVersion = 1;
	classes = {
	};
	objectVersion = 46;
	objects = {

/* Begin PBXBuildFile section */
		E9144D46163C454600192BD4 /* MessageUI.framework in Frameworks */ = {isa = PBXBuildFile; fileRef = E9144D45163C454600192BD4 /* MessageUI.framework */; };
		E9144D4D163C4D8A00192BD4 /* SVModalWebViewController.m in Sources */ = {isa = PBXBuildFile; fileRef = E9144D49163C4D8A00192BD4 /* SVModalWebViewController.m */; };
		E9144D4E163C4D8A00192BD4 /* SVWebViewController.bundle in Resources */ = {isa = PBXBuildFile; fileRef = E9144D4A163C4D8A00192BD4 /* SVWebViewController.bundle */; };
		E9144D4F163C4D8A00192BD4 /* SVWebViewController.m in Sources */ = {isa = PBXBuildFile; fileRef = E9144D4C163C4D8A00192BD4 /* SVWebViewController.m */; };
		E9144D58163C4F5200192BD4 /* libGoogleAnalytics.a in Frameworks */ = {isa = PBXBuildFile; fileRef = E9144D56163C4F5200192BD4 /* libGoogleAnalytics.a */; };
		E92F881A15E93FFE0007D673 /* FlyerViewController.m in Sources */ = {isa = PBXBuildFile; fileRef = E92F881915E93FFE0007D673 /* FlyerViewController.m */; };
		E92F881E15E975BA0007D673 /* FlyerBackViewController.m in Sources */ = {isa = PBXBuildFile; fileRef = E92F881D15E975BA0007D673 /* FlyerBackViewController.m */; };
		E9881407163C22CD004F3529 /* UIScrollView+SVInfiniteScrolling.m in Sources */ = {isa = PBXBuildFile; fileRef = E9881404163C22CD004F3529 /* UIScrollView+SVInfiniteScrolling.m */; };
		E9881408163C22CD004F3529 /* UIScrollView+SVPullToRefresh.m in Sources */ = {isa = PBXBuildFile; fileRef = E9881406163C22CD004F3529 /* UIScrollView+SVPullToRefresh.m */; };
		E988140D163C237A004F3529 /* DictionaryHelper.m in Sources */ = {isa = PBXBuildFile; fileRef = E988140C163C237A004F3529 /* DictionaryHelper.m */; };
		E988140F163C380C004F3529 /* background.png in Resources */ = {isa = PBXBuildFile; fileRef = E988140E163C380C004F3529 /* background.png */; };
		E993F1F3163C078A000D453B /* SystemConfiguration.framework in Frameworks */ = {isa = PBXBuildFile; fileRef = E993F1F2163C078A000D453B /* SystemConfiguration.framework */; };
		E993F1F5163C09D8000D453B /* Default-568h@2x.png in Resources */ = {isa = PBXBuildFile; fileRef = E993F1F4163C09D8000D453B /* Default-568h@2x.png */; };
		E9945B6A15E13E7B00EACAC6 /* UIKit.framework in Frameworks */ = {isa = PBXBuildFile; fileRef = E9945B6915E13E7B00EACAC6 /* UIKit.framework */; };
		E9945B6C15E13E7B00EACAC6 /* Foundation.framework in Frameworks */ = {isa = PBXBuildFile; fileRef = E9945B6B15E13E7B00EACAC6 /* Foundation.framework */; };
		E9945B6E15E13E7B00EACAC6 /* CoreGraphics.framework in Frameworks */ = {isa = PBXBuildFile; fileRef = E9945B6D15E13E7B00EACAC6 /* CoreGraphics.framework */; };
		E9945B7415E13E7B00EACAC6 /* InfoPlist.strings in Resources */ = {isa = PBXBuildFile; fileRef = E9945B7215E13E7B00EACAC6 /* InfoPlist.strings */; };
		E9945B7615E13E7C00EACAC6 /* main.m in Sources */ = {isa = PBXBuildFile; fileRef = E9945B7515E13E7C00EACAC6 /* main.m */; };
		E9945B7A15E13E7C00EACAC6 /* AppDelegate.m in Sources */ = {isa = PBXBuildFile; fileRef = E9945B7915E13E7C00EACAC6 /* AppDelegate.m */; };
		E9945B7D15E13E7C00EACAC6 /* MainStoryboard.storyboard in Resources */ = {isa = PBXBuildFile; fileRef = E9945B7B15E13E7C00EACAC6 /* MainStoryboard.storyboard */; };
		E9945B8015E13E7C00EACAC6 /* MasterViewController.m in Sources */ = {isa = PBXBuildFile; fileRef = E9945B7F15E13E7C00EACAC6 /* MasterViewController.m */; };
		E9945B8315E13E7C00EACAC6 /* DetailViewController.m in Sources */ = {isa = PBXBuildFile; fileRef = E9945B8215E13E7C00EACAC6 /* DetailViewController.m */; };
		E9945B9015E1408700EACAC6 /* appicon_57x57.png in Resources */ = {isa = PBXBuildFile; fileRef = E9945B8F15E1408700EACAC6 /* appicon_57x57.png */; };
		E9945B9215E1409D00EACAC6 /* appicon_114x114.png in Resources */ = {isa = PBXBuildFile; fileRef = E9945B9115E1409D00EACAC6 /* appicon_114x114.png */; };
		E9945B9815E1424200EACAC6 /* Default.png in Resources */ = {isa = PBXBuildFile; fileRef = E9945B9715E1424200EACAC6 /* Default.png */; };
		E9945B9A15E1424700EACAC6 /* Default@2x.png in Resources */ = {isa = PBXBuildFile; fileRef = E9945B9915E1424700EACAC6 /* Default@2x.png */; };
		E9945B9C15E3E39E00EACAC6 /* QuartzCore.framework in Frameworks */ = {isa = PBXBuildFile; fileRef = E9945B9B15E3E39E00EACAC6 /* QuartzCore.framework */; };
		E9945BA315E4025800EACAC6 /* logo.png in Resources */ = {isa = PBXBuildFile; fileRef = E9945BA115E4025800EACAC6 /* logo.png */; };
		E9945BA415E4025800EACAC6 /* logo@2x.png in Resources */ = {isa = PBXBuildFile; fileRef = E9945BA215E4025800EACAC6 /* logo@2x.png */; };
		E9945BBB15E4165B00EACAC6 /* AFHTTPClient.m in Sources */ = {isa = PBXBuildFile; fileRef = E9945BA715E4165B00EACAC6 /* AFHTTPClient.m */; };
		E9945BBC15E4165B00EACAC6 /* AFHTTPRequestOperation.m in Sources */ = {isa = PBXBuildFile; fileRef = E9945BA915E4165B00EACAC6 /* AFHTTPRequestOperation.m */; };
		E9945BBD15E4165B00EACAC6 /* AFImageRequestOperation.m in Sources */ = {isa = PBXBuildFile; fileRef = E9945BAB15E4165B00EACAC6 /* AFImageRequestOperation.m */; };
		E9945BBE15E4165B00EACAC6 /* AFJSONRequestOperation.m in Sources */ = {isa = PBXBuildFile; fileRef = E9945BAD15E4165B00EACAC6 /* AFJSONRequestOperation.m */; };
		E9945BC015E4165B00EACAC6 /* AFNetworkActivityIndicatorManager.m in Sources */ = {isa = PBXBuildFile; fileRef = E9945BB115E4165B00EACAC6 /* AFNetworkActivityIndicatorManager.m */; };
		E9945BC115E4165B00EACAC6 /* AFPropertyListRequestOperation.m in Sources */ = {isa = PBXBuildFile; fileRef = E9945BB415E4165B00EACAC6 /* AFPropertyListRequestOperation.m */; };
		E9945BC215E4165B00EACAC6 /* AFURLConnectionOperation.m in Sources */ = {isa = PBXBuildFile; fileRef = E9945BB615E4165B00EACAC6 /* AFURLConnectionOperation.m */; };
		E9945BC315E4165B00EACAC6 /* AFXMLRequestOperation.m in Sources */ = {isa = PBXBuildFile; fileRef = E9945BB815E4165B00EACAC6 /* AFXMLRequestOperation.m */; };
		E9945BC415E4165B00EACAC6 /* UIImageView+AFNetworking.m in Sources */ = {isa = PBXBuildFile; fileRef = E9945BBA15E4165B00EACAC6 /* UIImageView+AFNetworking.m */; };
		E9945BC715E53EF400EACAC6 /* klubitus.png in Resources */ = {isa = PBXBuildFile; fileRef = E9945BC515E53EF400EACAC6 /* klubitus.png */; };
		E9945BC815E53EF400EACAC6 /* klubitus@2x.png in Resources */ = {isa = PBXBuildFile; fileRef = E9945BC615E53EF400EACAC6 /* klubitus@2x.png */; };
		E9A5AA88163C526C002562CD /* CoreData.framework in Frameworks */ = {isa = PBXBuildFile; fileRef = E9A5AA87163C526C002562CD /* CoreData.framework */; };
		E9D4862615EA6C1E001D84F4 /* InfoPlist.strings in Resources */ = {isa = PBXBuildFile; fileRef = E9D4861915EA6C1E001D84F4 /* InfoPlist.strings */; };
		E9D4862715EA6C1E001D84F4 /* Localizable.strings in Resources */ = {isa = PBXBuildFile; fileRef = E9D4861B15EA6C1E001D84F4 /* Localizable.strings */; };
		E9D4862915EA6C1E001D84F4 /* InfoPlist.strings in Resources */ = {isa = PBXBuildFile; fileRef = E9D4862015EA6C1E001D84F4 /* InfoPlist.strings */; };
		E9D4862A15EA6C1E001D84F4 /* Localizable.strings in Resources */ = {isa = PBXBuildFile; fileRef = E9D4862215EA6C1E001D84F4 /* Localizable.strings */; };
		E9D4862E15EBCF2C001D84F4 /* MainStoryboard.strings in Resources */ = {isa = PBXBuildFile; fileRef = E9D4862C15EBCF2C001D84F4 /* MainStoryboard.strings */; };
		E9D4863115EBCF57001D84F4 /* MainStoryboard.strings in Resources */ = {isa = PBXBuildFile; fileRef = E9D4862F15EBCF57001D84F4 /* MainStoryboard.strings */; };
/* End PBXBuildFile section */

/* Begin PBXFileReference section */
		E9144D45163C454600192BD4 /* MessageUI.framework */ = {isa = PBXFileReference; lastKnownFileType = wrapper.framework; name = MessageUI.framework; path = System/Library/Frameworks/MessageUI.framework; sourceTree = SDKROOT; };
		E9144D48163C4D8A00192BD4 /* SVModalWebViewController.h */ = {isa = PBXFileReference; fileEncoding = 4; lastKnownFileType = sourcecode.c.h; path = SVModalWebViewController.h; sourceTree = "<group>"; };
		E9144D49163C4D8A00192BD4 /* SVModalWebViewController.m */ = {isa = PBXFileReference; fileEncoding = 4; lastKnownFileType = sourcecode.c.objc; path = SVModalWebViewController.m; sourceTree = "<group>"; };
		E9144D4A163C4D8A00192BD4 /* SVWebViewController.bundle */ = {isa = PBXFileReference; lastKnownFileType = "wrapper.plug-in"; path = SVWebViewController.bundle; sourceTree = "<group>"; };
		E9144D4B163C4D8A00192BD4 /* SVWebViewController.h */ = {isa = PBXFileReference; fileEncoding = 4; lastKnownFileType = sourcecode.c.h; path = SVWebViewController.h; sourceTree = "<group>"; };
		E9144D4C163C4D8A00192BD4 /* SVWebViewController.m */ = {isa = PBXFileReference; fileEncoding = 4; lastKnownFileType = sourcecode.c.objc; path = SVWebViewController.m; sourceTree = "<group>"; };
		E9144D51163C4F5200192BD4 /* GAI.h */ = {isa = PBXFileReference; fileEncoding = 4; lastKnownFileType = sourcecode.c.h; path = GAI.h; sourceTree = "<group>"; };
		E9144D52163C4F5200192BD4 /* GAITrackedViewController.h */ = {isa = PBXFileReference; fileEncoding = 4; lastKnownFileType = sourcecode.c.h; path = GAITrackedViewController.h; sourceTree = "<group>"; };
		E9144D53163C4F5200192BD4 /* GAITracker.h */ = {isa = PBXFileReference; fileEncoding = 4; lastKnownFileType = sourcecode.c.h; path = GAITracker.h; sourceTree = "<group>"; };
		E9144D54163C4F5200192BD4 /* GAITransaction.h */ = {isa = PBXFileReference; fileEncoding = 4; lastKnownFileType = sourcecode.c.h; path = GAITransaction.h; sourceTree = "<group>"; };
		E9144D55163C4F5200192BD4 /* GAITransactionItem.h */ = {isa = PBXFileReference; fileEncoding = 4; lastKnownFileType = sourcecode.c.h; path = GAITransactionItem.h; sourceTree = "<group>"; };
		E9144D56163C4F5200192BD4 /* libGoogleAnalytics.a */ = {isa = PBXFileReference; lastKnownFileType = archive.ar; path = libGoogleAnalytics.a; sourceTree = "<group>"; };
		E92F881815E93FFE0007D673 /* FlyerViewController.h */ = {isa = PBXFileReference; fileEncoding = 4; lastKnownFileType = sourcecode.c.h; path = FlyerViewController.h; sourceTree = "<group>"; };
		E92F881915E93FFE0007D673 /* FlyerViewController.m */ = {isa = PBXFileReference; fileEncoding = 4; lastKnownFileType = sourcecode.c.objc; path = FlyerViewController.m; sourceTree = "<group>"; };
		E92F881C15E975BA0007D673 /* FlyerBackViewController.h */ = {isa = PBXFileReference; fileEncoding = 4; lastKnownFileType = sourcecode.c.h; path = FlyerBackViewController.h; sourceTree = "<group>"; };
		E92F881D15E975BA0007D673 /* FlyerBackViewController.m */ = {isa = PBXFileReference; fileEncoding = 4; lastKnownFileType = sourcecode.c.objc; path = FlyerBackViewController.m; sourceTree = "<group>"; };
		E9881402163C22CD004F3529 /* SVPullToRefresh.h */ = {isa = PBXFileReference; fileEncoding = 4; lastKnownFileType = sourcecode.c.h; path = SVPullToRefresh.h; sourceTree = "<group>"; };
		E9881403163C22CD004F3529 /* UIScrollView+SVInfiniteScrolling.h */ = {isa = PBXFileReference; fileEncoding = 4; lastKnownFileType = sourcecode.c.h; path = "UIScrollView+SVInfiniteScrolling.h"; sourceTree = "<group>"; };
		E9881404163C22CD004F3529 /* UIScrollView+SVInfiniteScrolling.m */ = {isa = PBXFileReference; fileEncoding = 4; lastKnownFileType = sourcecode.c.objc; path = "UIScrollView+SVInfiniteScrolling.m"; sourceTree = "<group>"; };
		E9881405163C22CD004F3529 /* UIScrollView+SVPullToRefresh.h */ = {isa = PBXFileReference; fileEncoding = 4; lastKnownFileType = sourcecode.c.h; path = "UIScrollView+SVPullToRefresh.h"; sourceTree = "<group>"; };
		E9881406163C22CD004F3529 /* UIScrollView+SVPullToRefresh.m */ = {isa = PBXFileReference; fileEncoding = 4; lastKnownFileType = sourcecode.c.objc; path = "UIScrollView+SVPullToRefresh.m"; sourceTree = "<group>"; };
		E988140B163C237A004F3529 /* DictionaryHelper.h */ = {isa = PBXFileReference; fileEncoding = 4; lastKnownFileType = sourcecode.c.h; path = DictionaryHelper.h; sourceTree = "<group>"; };
		E988140C163C237A004F3529 /* DictionaryHelper.m */ = {isa = PBXFileReference; fileEncoding = 4; lastKnownFileType = sourcecode.c.objc; path = DictionaryHelper.m; sourceTree = "<group>"; };
		E988140E163C380C004F3529 /* background.png */ = {isa = PBXFileReference; lastKnownFileType = image.png; path = background.png; sourceTree = SOURCE_ROOT; };
		E993F1F2163C078A000D453B /* SystemConfiguration.framework */ = {isa = PBXFileReference; lastKnownFileType = wrapper.framework; name = SystemConfiguration.framework; path = System/Library/Frameworks/SystemConfiguration.framework; sourceTree = SDKROOT; };
		E993F1F4163C09D8000D453B /* Default-568h@2x.png */ = {isa = PBXFileReference; lastKnownFileType = image.png; path = "Default-568h@2x.png"; sourceTree = "<group>"; };
		E9945B6515E13E7B00EACAC6 /* klubitus.app */ = {isa = PBXFileReference; explicitFileType = wrapper.application; includeInIndex = 0; path = klubitus.app; sourceTree = BUILT_PRODUCTS_DIR; };
		E9945B6915E13E7B00EACAC6 /* UIKit.framework */ = {isa = PBXFileReference; lastKnownFileType = wrapper.framework; name = UIKit.framework; path = System/Library/Frameworks/UIKit.framework; sourceTree = SDKROOT; };
		E9945B6B15E13E7B00EACAC6 /* Foundation.framework */ = {isa = PBXFileReference; lastKnownFileType = wrapper.framework; name = Foundation.framework; path = System/Library/Frameworks/Foundation.framework; sourceTree = SDKROOT; };
		E9945B6D15E13E7B00EACAC6 /* CoreGraphics.framework */ = {isa = PBXFileReference; lastKnownFileType = wrapper.framework; name = CoreGraphics.framework; path = System/Library/Frameworks/CoreGraphics.framework; sourceTree = SDKROOT; };
		E9945B7115E13E7B00EACAC6 /* klubitus-Info.plist */ = {isa = PBXFileReference; lastKnownFileType = text.plist.xml; path = "klubitus-Info.plist"; sourceTree = "<group>"; };
		E9945B7315E13E7B00EACAC6 /* en */ = {isa = PBXFileReference; lastKnownFileType = text.plist.strings; name = en; path = en.lproj/InfoPlist.strings; sourceTree = "<group>"; };
		E9945B7515E13E7C00EACAC6 /* main.m */ = {isa = PBXFileReference; lastKnownFileType = sourcecode.c.objc; path = main.m; sourceTree = "<group>"; };
		E9945B7715E13E7C00EACAC6 /* klubitus-Prefix.pch */ = {isa = PBXFileReference; lastKnownFileType = sourcecode.c.h; path = "klubitus-Prefix.pch"; sourceTree = "<group>"; };
		E9945B7815E13E7C00EACAC6 /* AppDelegate.h */ = {isa = PBXFileReference; lastKnownFileType = sourcecode.c.h; path = AppDelegate.h; sourceTree = "<group>"; };
		E9945B7915E13E7C00EACAC6 /* AppDelegate.m */ = {isa = PBXFileReference; lastKnownFileType = sourcecode.c.objc; path = AppDelegate.m; sourceTree = "<group>"; };
		E9945B7C15E13E7C00EACAC6 /* en */ = {isa = PBXFileReference; lastKnownFileType = file.storyboard; name = en; path = en.lproj/MainStoryboard.storyboard; sourceTree = "<group>"; };
		E9945B7E15E13E7C00EACAC6 /* MasterViewController.h */ = {isa = PBXFileReference; lastKnownFileType = sourcecode.c.h; path = MasterViewController.h; sourceTree = "<group>"; };
		E9945B7F15E13E7C00EACAC6 /* MasterViewController.m */ = {isa = PBXFileReference; lastKnownFileType = sourcecode.c.objc; path = MasterViewController.m; sourceTree = "<group>"; };
		E9945B8115E13E7C00EACAC6 /* DetailViewController.h */ = {isa = PBXFileReference; lastKnownFileType = sourcecode.c.h; path = DetailViewController.h; sourceTree = "<group>"; };
		E9945B8215E13E7C00EACAC6 /* DetailViewController.m */ = {isa = PBXFileReference; lastKnownFileType = sourcecode.c.objc; path = DetailViewController.m; sourceTree = "<group>"; };
		E9945B8F15E1408700EACAC6 /* appicon_57x57.png */ = {isa = PBXFileReference; lastKnownFileType = image.png; path = appicon_57x57.png; sourceTree = "<group>"; };
		E9945B9115E1409D00EACAC6 /* appicon_114x114.png */ = {isa = PBXFileReference; lastKnownFileType = image.png; path = appicon_114x114.png; sourceTree = "<group>"; };
		E9945B9715E1424200EACAC6 /* Default.png */ = {isa = PBXFileReference; lastKnownFileType = image.png; path = Default.png; sourceTree = "<group>"; };
		E9945B9915E1424700EACAC6 /* Default@2x.png */ = {isa = PBXFileReference; lastKnownFileType = image.png; path = "Default@2x.png"; sourceTree = "<group>"; };
		E9945B9B15E3E39E00EACAC6 /* QuartzCore.framework */ = {isa = PBXFileReference; lastKnownFileType = wrapper.framework; name = QuartzCore.framework; path = System/Library/Frameworks/QuartzCore.framework; sourceTree = SDKROOT; };
		E9945BA115E4025800EACAC6 /* logo.png */ = {isa = PBXFileReference; lastKnownFileType = image.png; path = logo.png; sourceTree = "<group>"; };
		E9945BA215E4025800EACAC6 /* logo@2x.png */ = {isa = PBXFileReference; lastKnownFileType = image.png; path = "logo@2x.png"; sourceTree = "<group>"; };
		E9945BA615E4165B00EACAC6 /* AFHTTPClient.h */ = {isa = PBXFileReference; fileEncoding = 4; lastKnownFileType = sourcecode.c.h; path = AFHTTPClient.h; sourceTree = "<group>"; };
		E9945BA715E4165B00EACAC6 /* AFHTTPClient.m */ = {isa = PBXFileReference; fileEncoding = 4; lastKnownFileType = sourcecode.c.objc; path = AFHTTPClient.m; sourceTree = "<group>"; };
		E9945BA815E4165B00EACAC6 /* AFHTTPRequestOperation.h */ = {isa = PBXFileReference; fileEncoding = 4; lastKnownFileType = sourcecode.c.h; path = AFHTTPRequestOperation.h; sourceTree = "<group>"; };
		E9945BA915E4165B00EACAC6 /* AFHTTPRequestOperation.m */ = {isa = PBXFileReference; fileEncoding = 4; lastKnownFileType = sourcecode.c.objc; path = AFHTTPRequestOperation.m; sourceTree = "<group>"; };
		E9945BAA15E4165B00EACAC6 /* AFImageRequestOperation.h */ = {isa = PBXFileReference; fileEncoding = 4; lastKnownFileType = sourcecode.c.h; path = AFImageRequestOperation.h; sourceTree = "<group>"; };
		E9945BAB15E4165B00EACAC6 /* AFImageRequestOperation.m */ = {isa = PBXFileReference; fileEncoding = 4; lastKnownFileType = sourcecode.c.objc; path = AFImageRequestOperation.m; sourceTree = "<group>"; };
		E9945BAC15E4165B00EACAC6 /* AFJSONRequestOperation.h */ = {isa = PBXFileReference; fileEncoding = 4; lastKnownFileType = sourcecode.c.h; path = AFJSONRequestOperation.h; sourceTree = "<group>"; };
		E9945BAD15E4165B00EACAC6 /* AFJSONRequestOperation.m */ = {isa = PBXFileReference; fileEncoding = 4; lastKnownFileType = sourcecode.c.objc; path = AFJSONRequestOperation.m; sourceTree = "<group>"; };
		E9945BB015E4165B00EACAC6 /* AFNetworkActivityIndicatorManager.h */ = {isa = PBXFileReference; fileEncoding = 4; lastKnownFileType = sourcecode.c.h; path = AFNetworkActivityIndicatorManager.h; sourceTree = "<group>"; };
		E9945BB115E4165B00EACAC6 /* AFNetworkActivityIndicatorManager.m */ = {isa = PBXFileReference; fileEncoding = 4; lastKnownFileType = sourcecode.c.objc; path = AFNetworkActivityIndicatorManager.m; sourceTree = "<group>"; };
		E9945BB215E4165B00EACAC6 /* AFNetworking.h */ = {isa = PBXFileReference; fileEncoding = 4; lastKnownFileType = sourcecode.c.h; path = AFNetworking.h; sourceTree = "<group>"; };
		E9945BB315E4165B00EACAC6 /* AFPropertyListRequestOperation.h */ = {isa = PBXFileReference; fileEncoding = 4; lastKnownFileType = sourcecode.c.h; path = AFPropertyListRequestOperation.h; sourceTree = "<group>"; };
		E9945BB415E4165B00EACAC6 /* AFPropertyListRequestOperation.m */ = {isa = PBXFileReference; fileEncoding = 4; lastKnownFileType = sourcecode.c.objc; path = AFPropertyListRequestOperation.m; sourceTree = "<group>"; };
		E9945BB515E4165B00EACAC6 /* AFURLConnectionOperation.h */ = {isa = PBXFileReference; fileEncoding = 4; lastKnownFileType = sourcecode.c.h; path = AFURLConnectionOperation.h; sourceTree = "<group>"; };
		E9945BB615E4165B00EACAC6 /* AFURLConnectionOperation.m */ = {isa = PBXFileReference; fileEncoding = 4; lastKnownFileType = sourcecode.c.objc; path = AFURLConnectionOperation.m; sourceTree = "<group>"; };
		E9945BB715E4165B00EACAC6 /* AFXMLRequestOperation.h */ = {isa = PBXFileReference; fileEncoding = 4; lastKnownFileType = sourcecode.c.h; path = AFXMLRequestOperation.h; sourceTree = "<group>"; };
		E9945BB815E4165B00EACAC6 /* AFXMLRequestOperation.m */ = {isa = PBXFileReference; fileEncoding = 4; lastKnownFileType = sourcecode.c.objc; path = AFXMLRequestOperation.m; sourceTree = "<group>"; };
		E9945BB915E4165B00EACAC6 /* UIImageView+AFNetworking.h */ = {isa = PBXFileReference; fileEncoding = 4; lastKnownFileType = sourcecode.c.h; path = "UIImageView+AFNetworking.h"; sourceTree = "<group>"; };
		E9945BBA15E4165B00EACAC6 /* UIImageView+AFNetworking.m */ = {isa = PBXFileReference; fileEncoding = 4; lastKnownFileType = sourcecode.c.objc; path = "UIImageView+AFNetworking.m"; sourceTree = "<group>"; };
		E9945BC515E53EF400EACAC6 /* klubitus.png */ = {isa = PBXFileReference; lastKnownFileType = image.png; path = klubitus.png; sourceTree = "<group>"; };
		E9945BC615E53EF400EACAC6 /* klubitus@2x.png */ = {isa = PBXFileReference; lastKnownFileType = image.png; path = "klubitus@2x.png"; sourceTree = "<group>"; };
		E9A5AA87163C526C002562CD /* CoreData.framework */ = {isa = PBXFileReference; lastKnownFileType = wrapper.framework; name = CoreData.framework; path = System/Library/Frameworks/CoreData.framework; sourceTree = SDKROOT; };
		E9D4861615EA656B001D84F4 /* fi */ = {isa = PBXFileReference; lastKnownFileType = file.storyboard; name = fi; path = fi.lproj/MainStoryboard.storyboard; sourceTree = "<group>"; };
		E9D4861715EA656B001D84F4 /* fi */ = {isa = PBXFileReference; lastKnownFileType = text.plist.strings; name = fi; path = fi.lproj/InfoPlist.strings; sourceTree = "<group>"; };
		E9D4861A15EA6C1E001D84F4 /* en */ = {isa = PBXFileReference; lastKnownFileType = text.plist.strings; name = en; path = InfoPlist.strings; sourceTree = "<group>"; };
		E9D4861C15EA6C1E001D84F4 /* en */ = {isa = PBXFileReference; lastKnownFileType = text.plist.strings; name = en; path = Localizable.strings; sourceTree = "<group>"; };
		E9D4862115EA6C1E001D84F4 /* fi */ = {isa = PBXFileReference; lastKnownFileType = text.plist.strings; name = fi; path = InfoPlist.strings; sourceTree = "<group>"; };
		E9D4862315EA6C1E001D84F4 /* fi */ = {isa = PBXFileReference; lastKnownFileType = text.plist.strings; name = fi; path = Localizable.strings; sourceTree = "<group>"; };
		E9D4862D15EBCF2C001D84F4 /* en */ = {isa = PBXFileReference; lastKnownFileType = text.plist.strings; name = en; path = MainStoryboard.strings; sourceTree = "<group>"; };
		E9D4863015EBCF57001D84F4 /* fi */ = {isa = PBXFileReference; lastKnownFileType = text.plist.strings; name = fi; path = MainStoryboard.strings; sourceTree = "<group>"; };
/* End PBXFileReference section */

/* Begin PBXFrameworksBuildPhase section */
		E9945B6215E13E7B00EACAC6 /* Frameworks */ = {
			isa = PBXFrameworksBuildPhase;
			buildActionMask = 2147483647;
			files = (
				E9A5AA88163C526C002562CD /* CoreData.framework in Frameworks */,
				E9144D46163C454600192BD4 /* MessageUI.framework in Frameworks */,
				E993F1F3163C078A000D453B /* SystemConfiguration.framework in Frameworks */,
				E9945B9C15E3E39E00EACAC6 /* QuartzCore.framework in Frameworks */,
				E9945B6A15E13E7B00EACAC6 /* UIKit.framework in Frameworks */,
				E9945B6C15E13E7B00EACAC6 /* Foundation.framework in Frameworks */,
				E9945B6E15E13E7B00EACAC6 /* CoreGraphics.framework in Frameworks */,
				E9144D58163C4F5200192BD4 /* libGoogleAnalytics.a in Frameworks */,
			);
			runOnlyForDeploymentPostprocessing = 0;
		};
/* End PBXFrameworksBuildPhase section */

/* Begin PBXGroup section */
		E9144D47163C4D8A00192BD4 /* SVWebViewController */ = {
			isa = PBXGroup;
			children = (
				E9144D48163C4D8A00192BD4 /* SVModalWebViewController.h */,
				E9144D49163C4D8A00192BD4 /* SVModalWebViewController.m */,
				E9144D4A163C4D8A00192BD4 /* SVWebViewController.bundle */,
				E9144D4B163C4D8A00192BD4 /* SVWebViewController.h */,
				E9144D4C163C4D8A00192BD4 /* SVWebViewController.m */,
			);
			path = SVWebViewController;
			sourceTree = SOURCE_ROOT;
		};
		E9144D50163C4F5200192BD4 /* GoogleAnalyticsiOS */ = {
			isa = PBXGroup;
			children = (
				E9144D51163C4F5200192BD4 /* GAI.h */,
				E9144D52163C4F5200192BD4 /* GAITrackedViewController.h */,
				E9144D53163C4F5200192BD4 /* GAITracker.h */,
				E9144D54163C4F5200192BD4 /* GAITransaction.h */,
				E9144D55163C4F5200192BD4 /* GAITransactionItem.h */,
				E9144D56163C4F5200192BD4 /* libGoogleAnalytics.a */,
			);
			path = GoogleAnalyticsiOS;
			sourceTree = SOURCE_ROOT;
		};
		E9881401163C22CD004F3529 /* SVPullToRefresh */ = {
			isa = PBXGroup;
			children = (
				E9881402163C22CD004F3529 /* SVPullToRefresh.h */,
				E9881403163C22CD004F3529 /* UIScrollView+SVInfiniteScrolling.h */,
				E9881404163C22CD004F3529 /* UIScrollView+SVInfiniteScrolling.m */,
				E9881405163C22CD004F3529 /* UIScrollView+SVPullToRefresh.h */,
				E9881406163C22CD004F3529 /* UIScrollView+SVPullToRefresh.m */,
			);
			path = SVPullToRefresh;
			sourceTree = SOURCE_ROOT;
		};
		E988140A163C237A004F3529 /* IOSBoilerplate */ = {
			isa = PBXGroup;
			children = (
				E988140B163C237A004F3529 /* DictionaryHelper.h */,
				E988140C163C237A004F3529 /* DictionaryHelper.m */,
			);
			path = IOSBoilerplate;
			sourceTree = SOURCE_ROOT;
		};
		E9945B5A15E13E7B00EACAC6 = {
			isa = PBXGroup;
			children = (
				E993F1F4163C09D8000D453B /* Default-568h@2x.png */,
				E9945B9915E1424700EACAC6 /* Default@2x.png */,
				E9945B9715E1424200EACAC6 /* Default.png */,
				E9945B9115E1409D00EACAC6 /* appicon_114x114.png */,
				E9945B8F15E1408700EACAC6 /* appicon_57x57.png */,
				E9945B6F15E13E7B00EACAC6 /* klubitus */,
				E9945B6815E13E7B00EACAC6 /* Frameworks */,
				E9945B6615E13E7B00EACAC6 /* Products */,
			);
			sourceTree = "<group>";
		};
		E9945B6615E13E7B00EACAC6 /* Products */ = {
			isa = PBXGroup;
			children = (
				E9945B6515E13E7B00EACAC6 /* klubitus.app */,
			);
			name = Products;
			sourceTree = "<group>";
		};
		E9945B6815E13E7B00EACAC6 /* Frameworks */ = {
			isa = PBXGroup;
			children = (
				E9A5AA87163C526C002562CD /* CoreData.framework */,
				E9144D45163C454600192BD4 /* MessageUI.framework */,
				E993F1F2163C078A000D453B /* SystemConfiguration.framework */,
				E9945B9B15E3E39E00EACAC6 /* QuartzCore.framework */,
				E9945B6915E13E7B00EACAC6 /* UIKit.framework */,
				E9945B6B15E13E7B00EACAC6 /* Foundation.framework */,
				E9945B6D15E13E7B00EACAC6 /* CoreGraphics.framework */,
			);
			name = Frameworks;
			sourceTree = "<group>";
		};
		E9945B6F15E13E7B00EACAC6 /* klubitus */ = {
			isa = PBXGroup;
			children = (
				E9945BC915E907B200EACAC6 /* Helpers */,
				E9945B8A15E1405200EACAC6 /* GFX */,
				E9945B8915E13EE900EACAC6 /* GUI */,
				E9945B7015E13E7B00EACAC6 /* Supporting Files */,
			);
			path = klubitus;
			sourceTree = "<group>";
		};
		E9945B7015E13E7B00EACAC6 /* Supporting Files */ = {
			isa = PBXGroup;
			children = (
				E9D4861815EA6C1E001D84F4 /* en.lproj */,
				E9D4861F15EA6C1E001D84F4 /* fi.lproj */,
				E9945B7115E13E7B00EACAC6 /* klubitus-Info.plist */,
				E9945B7215E13E7B00EACAC6 /* InfoPlist.strings */,
				E9945B7515E13E7C00EACAC6 /* main.m */,
				E9945B7715E13E7C00EACAC6 /* klubitus-Prefix.pch */,
			);
			name = "Supporting Files";
			sourceTree = "<group>";
		};
		E9945B8915E13EE900EACAC6 /* GUI */ = {
			isa = PBXGroup;
			children = (
				E9945B7815E13E7C00EACAC6 /* AppDelegate.h */,
				E9945B7915E13E7C00EACAC6 /* AppDelegate.m */,
				E9945B7B15E13E7C00EACAC6 /* MainStoryboard.storyboard */,
				E9945B7E15E13E7C00EACAC6 /* MasterViewController.h */,
				E9945B7F15E13E7C00EACAC6 /* MasterViewController.m */,
				E9945B8115E13E7C00EACAC6 /* DetailViewController.h */,
				E9945B8215E13E7C00EACAC6 /* DetailViewController.m */,
				E92F881815E93FFE0007D673 /* FlyerViewController.h */,
				E92F881915E93FFE0007D673 /* FlyerViewController.m */,
				E92F881C15E975BA0007D673 /* FlyerBackViewController.h */,
				E92F881D15E975BA0007D673 /* FlyerBackViewController.m */,
			);
			name = GUI;
			sourceTree = "<group>";
		};
		E9945B8A15E1405200EACAC6 /* GFX */ = {
			isa = PBXGroup;
			children = (
				E988140E163C380C004F3529 /* background.png */,
				E9945BC515E53EF400EACAC6 /* klubitus.png */,
				E9945BC615E53EF400EACAC6 /* klubitus@2x.png */,
				E9945BA115E4025800EACAC6 /* logo.png */,
				E9945BA215E4025800EACAC6 /* logo@2x.png */,
			);
			name = GFX;
			sourceTree = "<group>";
		};
		E9945BA515E4165B00EACAC6 /* AFNetworking */ = {
			isa = PBXGroup;
			children = (
				E9945BA615E4165B00EACAC6 /* AFHTTPClient.h */,
				E9945BA715E4165B00EACAC6 /* AFHTTPClient.m */,
				E9945BA815E4165B00EACAC6 /* AFHTTPRequestOperation.h */,
				E9945BA915E4165B00EACAC6 /* AFHTTPRequestOperation.m */,
				E9945BAA15E4165B00EACAC6 /* AFImageRequestOperation.h */,
				E9945BAB15E4165B00EACAC6 /* AFImageRequestOperation.m */,
				E9945BAC15E4165B00EACAC6 /* AFJSONRequestOperation.h */,
				E9945BAD15E4165B00EACAC6 /* AFJSONRequestOperation.m */,
				E9945BB015E4165B00EACAC6 /* AFNetworkActivityIndicatorManager.h */,
				E9945BB115E4165B00EACAC6 /* AFNetworkActivityIndicatorManager.m */,
				E9945BB215E4165B00EACAC6 /* AFNetworking.h */,
				E9945BB315E4165B00EACAC6 /* AFPropertyListRequestOperation.h */,
				E9945BB415E4165B00EACAC6 /* AFPropertyListRequestOperation.m */,
				E9945BB515E4165B00EACAC6 /* AFURLConnectionOperation.h */,
				E9945BB615E4165B00EACAC6 /* AFURLConnectionOperation.m */,
				E9945BB715E4165B00EACAC6 /* AFXMLRequestOperation.h */,
				E9945BB815E4165B00EACAC6 /* AFXMLRequestOperation.m */,
				E9945BB915E4165B00EACAC6 /* UIImageView+AFNetworking.h */,
				E9945BBA15E4165B00EACAC6 /* UIImageView+AFNetworking.m */,
			);
			name = AFNetworking;
			path = ../AFNetworking;
			sourceTree = "<group>";
		};
		E9945BC915E907B200EACAC6 /* Helpers */ = {
			isa = PBXGroup;
			children = (
				E9144D50163C4F5200192BD4 /* GoogleAnalyticsiOS */,
				E9144D47163C4D8A00192BD4 /* SVWebViewController */,
				E9945BA515E4165B00EACAC6 /* AFNetworking */,
				E988140A163C237A004F3529 /* IOSBoilerplate */,
				E9881401163C22CD004F3529 /* SVPullToRefresh */,
			);
			name = Helpers;
			sourceTree = "<group>";
		};
		E9D4861815EA6C1E001D84F4 /* en.lproj */ = {
			isa = PBXGroup;
			children = (
				E9D4862C15EBCF2C001D84F4 /* MainStoryboard.strings */,
				E9D4861915EA6C1E001D84F4 /* InfoPlist.strings */,
				E9D4861B15EA6C1E001D84F4 /* Localizable.strings */,
			);
			path = en.lproj;
			sourceTree = "<group>";
		};
		E9D4861F15EA6C1E001D84F4 /* fi.lproj */ = {
			isa = PBXGroup;
			children = (
				E9D4862F15EBCF57001D84F4 /* MainStoryboard.strings */,
				E9D4862015EA6C1E001D84F4 /* InfoPlist.strings */,
				E9D4862215EA6C1E001D84F4 /* Localizable.strings */,
			);
			path = fi.lproj;
			sourceTree = "<group>";
		};
/* End PBXGroup section */

/* Begin PBXNativeTarget section */
		E9945B6415E13E7B00EACAC6 /* klubitus */ = {
			isa = PBXNativeTarget;
			buildConfigurationList = E9945B8615E13E7C00EACAC6 /* Build configuration list for PBXNativeTarget "klubitus" */;
			buildPhases = (
				E9945B6115E13E7B00EACAC6 /* Sources */,
				E9945B6215E13E7B00EACAC6 /* Frameworks */,
				E9945B6315E13E7B00EACAC6 /* Resources */,
			);
			buildRules = (
			);
			dependencies = (
			);
			name = klubitus;
			productName = klubitus;
			productReference = E9945B6515E13E7B00EACAC6 /* klubitus.app */;
			productType = "com.apple.product-type.application";
		};
/* End PBXNativeTarget section */

/* Begin PBXProject section */
		E9945B5C15E13E7B00EACAC6 /* Project object */ = {
			isa = PBXProject;
			attributes = {
				LastUpgradeCheck = 0440;
				ORGANIZATIONNAME = "Antti Qvickström";
			};
			buildConfigurationList = E9945B5F15E13E7B00EACAC6 /* Build configuration list for PBXProject "klubitus" */;
			compatibilityVersion = "Xcode 3.2";
			developmentRegion = English;
			hasScannedForEncodings = 0;
			knownRegions = (
				en,
				fi,
			);
			mainGroup = E9945B5A15E13E7B00EACAC6;
			productRefGroup = E9945B6615E13E7B00EACAC6 /* Products */;
			projectDirPath = "";
			projectRoot = "";
			targets = (
				E9945B6415E13E7B00EACAC6 /* klubitus */,
			);
		};
/* End PBXProject section */

/* Begin PBXResourcesBuildPhase section */
		E9945B6315E13E7B00EACAC6 /* Resources */ = {
			isa = PBXResourcesBuildPhase;
			buildActionMask = 2147483647;
			files = (
				E9945B7415E13E7B00EACAC6 /* InfoPlist.strings in Resources */,
				E9945B7D15E13E7C00EACAC6 /* MainStoryboard.storyboard in Resources */,
				E9945B9015E1408700EACAC6 /* appicon_57x57.png in Resources */,
				E9945B9215E1409D00EACAC6 /* appicon_114x114.png in Resources */,
				E9945B9815E1424200EACAC6 /* Default.png in Resources */,
				E9945B9A15E1424700EACAC6 /* Default@2x.png in Resources */,
				E9945BA315E4025800EACAC6 /* logo.png in Resources */,
				E9945BA415E4025800EACAC6 /* logo@2x.png in Resources */,
				E9945BC715E53EF400EACAC6 /* klubitus.png in Resources */,
				E9945BC815E53EF400EACAC6 /* klubitus@2x.png in Resources */,
				E9D4862615EA6C1E001D84F4 /* InfoPlist.strings in Resources */,
				E9D4862715EA6C1E001D84F4 /* Localizable.strings in Resources */,
				E9D4862915EA6C1E001D84F4 /* InfoPlist.strings in Resources */,
				E9D4862A15EA6C1E001D84F4 /* Localizable.strings in Resources */,
				E9D4862E15EBCF2C001D84F4 /* MainStoryboard.strings in Resources */,
				E9D4863115EBCF57001D84F4 /* MainStoryboard.strings in Resources */,
				E993F1F5163C09D8000D453B /* Default-568h@2x.png in Resources */,
				E988140F163C380C004F3529 /* background.png in Resources */,
				E9144D4E163C4D8A00192BD4 /* SVWebViewController.bundle in Resources */,
			);
			runOnlyForDeploymentPostprocessing = 0;
		};
/* End PBXResourcesBuildPhase section */

/* Begin PBXSourcesBuildPhase section */
		E9945B6115E13E7B00EACAC6 /* Sources */ = {
			isa = PBXSourcesBuildPhase;
			buildActionMask = 2147483647;
			files = (
				E9945B7615E13E7C00EACAC6 /* main.m in Sources */,
				E9945B7A15E13E7C00EACAC6 /* AppDelegate.m in Sources */,
				E9945B8015E13E7C00EACAC6 /* MasterViewController.m in Sources */,
				E9945B8315E13E7C00EACAC6 /* DetailViewController.m in Sources */,
				E9945BBB15E4165B00EACAC6 /* AFHTTPClient.m in Sources */,
				E9945BBC15E4165B00EACAC6 /* AFHTTPRequestOperation.m in Sources */,
				E9945BBD15E4165B00EACAC6 /* AFImageRequestOperation.m in Sources */,
				E9945BBE15E4165B00EACAC6 /* AFJSONRequestOperation.m in Sources */,
				E9945BC015E4165B00EACAC6 /* AFNetworkActivityIndicatorManager.m in Sources */,
				E9945BC115E4165B00EACAC6 /* AFPropertyListRequestOperation.m in Sources */,
				E9945BC215E4165B00EACAC6 /* AFURLConnectionOperation.m in Sources */,
				E9945BC315E4165B00EACAC6 /* AFXMLRequestOperation.m in Sources */,
				E9945BC415E4165B00EACAC6 /* UIImageView+AFNetworking.m in Sources */,
				E92F881A15E93FFE0007D673 /* FlyerViewController.m in Sources */,
				E92F881E15E975BA0007D673 /* FlyerBackViewController.m in Sources */,
				E9881407163C22CD004F3529 /* UIScrollView+SVInfiniteScrolling.m in Sources */,
				E9881408163C22CD004F3529 /* UIScrollView+SVPullToRefresh.m in Sources */,
				E988140D163C237A004F3529 /* DictionaryHelper.m in Sources */,
				E9144D4D163C4D8A00192BD4 /* SVModalWebViewController.m in Sources */,
				E9144D4F163C4D8A00192BD4 /* SVWebViewController.m in Sources */,
			);
			runOnlyForDeploymentPostprocessing = 0;
		};
/* End PBXSourcesBuildPhase section */

/* Begin PBXVariantGroup section */
		E9945B7215E13E7B00EACAC6 /* InfoPlist.strings */ = {
			isa = PBXVariantGroup;
			children = (
				E9945B7315E13E7B00EACAC6 /* en */,
				E9D4861715EA656B001D84F4 /* fi */,
			);
			name = InfoPlist.strings;
			sourceTree = "<group>";
		};
		E9945B7B15E13E7C00EACAC6 /* MainStoryboard.storyboard */ = {
			isa = PBXVariantGroup;
			children = (
				E9945B7C15E13E7C00EACAC6 /* en */,
				E9D4861615EA656B001D84F4 /* fi */,
			);
			name = MainStoryboard.storyboard;
			sourceTree = "<group>";
		};
		E9D4861915EA6C1E001D84F4 /* InfoPlist.strings */ = {
			isa = PBXVariantGroup;
			children = (
				E9D4861A15EA6C1E001D84F4 /* en */,
			);
			name = InfoPlist.strings;
			sourceTree = "<group>";
		};
		E9D4861B15EA6C1E001D84F4 /* Localizable.strings */ = {
			isa = PBXVariantGroup;
			children = (
				E9D4861C15EA6C1E001D84F4 /* en */,
			);
			name = Localizable.strings;
			sourceTree = "<group>";
		};
		E9D4862015EA6C1E001D84F4 /* InfoPlist.strings */ = {
			isa = PBXVariantGroup;
			children = (
				E9D4862115EA6C1E001D84F4 /* fi */,
			);
			name = InfoPlist.strings;
			sourceTree = "<group>";
		};
		E9D4862215EA6C1E001D84F4 /* Localizable.strings */ = {
			isa = PBXVariantGroup;
			children = (
				E9D4862315EA6C1E001D84F4 /* fi */,
			);
			name = Localizable.strings;
			sourceTree = "<group>";
		};
		E9D4862C15EBCF2C001D84F4 /* MainStoryboard.strings */ = {
			isa = PBXVariantGroup;
			children = (
				E9D4862D15EBCF2C001D84F4 /* en */,
			);
			name = MainStoryboard.strings;
			sourceTree = "<group>";
		};
		E9D4862F15EBCF57001D84F4 /* MainStoryboard.strings */ = {
			isa = PBXVariantGroup;
			children = (
				E9D4863015EBCF57001D84F4 /* fi */,
			);
			name = MainStoryboard.strings;
			sourceTree = "<group>";
		};
/* End PBXVariantGroup section */

/* Begin XCBuildConfiguration section */
		E9945B8415E13E7C00EACAC6 /* Debug */ = {
			isa = XCBuildConfiguration;
			buildSettings = {
				ALWAYS_SEARCH_USER_PATHS = NO;
				ARCHS = "$(ARCHS_STANDARD_32_BIT)";
				CLANG_CXX_LANGUAGE_STANDARD = "gnu++0x";
				CLANG_ENABLE_OBJC_ARC = YES;
				CLANG_WARN__DUPLICATE_METHOD_MATCH = YES;
				CODE_SIGN_IDENTITY = "iPhone Developer: Antti Qvickstrom (VVL4V2H5ZX)";
				"CODE_SIGN_IDENTITY[sdk=iphoneos*]" = "iPhone Developer";
				COPY_PHASE_STRIP = NO;
				GCC_C_LANGUAGE_STANDARD = gnu99;
				GCC_DYNAMIC_NO_PIC = NO;
				GCC_OPTIMIZATION_LEVEL = 0;
				GCC_PREPROCESSOR_DEFINITIONS = (
					"DEBUG=1",
					"$(inherited)",
				);
				GCC_SYMBOLS_PRIVATE_EXTERN = NO;
				GCC_VERSION = com.apple.compilers.llvm.clang.1_0;
				GCC_WARN_ABOUT_RETURN_TYPE = YES;
				GCC_WARN_UNINITIALIZED_AUTOS = YES;
				GCC_WARN_UNUSED_VARIABLE = YES;
				IPHONEOS_DEPLOYMENT_TARGET = 5.0;
				PROVISIONING_PROFILE = "";
				SDKROOT = iphoneos5.1;
			};
			name = Debug;
		};
		E9945B8515E13E7C00EACAC6 /* Release */ = {
			isa = XCBuildConfiguration;
			buildSettings = {
				ALWAYS_SEARCH_USER_PATHS = NO;
				ARCHS = "$(ARCHS_STANDARD_32_BIT)";
				CLANG_CXX_LANGUAGE_STANDARD = "gnu++0x";
				CLANG_ENABLE_OBJC_ARC = YES;
				CLANG_WARN__DUPLICATE_METHOD_MATCH = YES;
				CODE_SIGN_IDENTITY = "iPhone Developer: Antti Qvickstrom (VVL4V2H5ZX)";
				"CODE_SIGN_IDENTITY[sdk=iphoneos*]" = "iPhone Developer";
				COPY_PHASE_STRIP = YES;
				GCC_C_LANGUAGE_STANDARD = gnu99;
				GCC_VERSION = com.apple.compilers.llvm.clang.1_0;
				GCC_WARN_ABOUT_RETURN_TYPE = YES;
				GCC_WARN_UNINITIALIZED_AUTOS = YES;
				GCC_WARN_UNUSED_VARIABLE = YES;
				IPHONEOS_DEPLOYMENT_TARGET = 5.0;
				OTHER_CFLAGS = "-DNS_BLOCK_ASSERTIONS=1";
				PROVISIONING_PROFILE = "";
				SDKROOT = iphoneos5.1;
				VALIDATE_PRODUCT = YES;
			};
			name = Release;
		};
		E9945B8715E13E7C00EACAC6 /* Debug */ = {
			isa = XCBuildConfiguration;
			buildSettings = {
				CODE_SIGN_IDENTITY = "iPhone Developer";
				GCC_PRECOMPILE_PREFIX_HEADER = YES;
				GCC_PREFIX_HEADER = "klubitus/klubitus-Prefix.pch";
				INFOPLIST_FILE = "klubitus/klubitus-Info.plist";
				IPHONEOS_DEPLOYMENT_TARGET = 5.0;
				LIBRARY_SEARCH_PATHS = (
					"$(inherited)",
					"\"$(SRCROOT)/GoogleAnalyticsiOS\"",
				);
				PRODUCT_NAME = "$(TARGET_NAME)";
				PROVISIONING_PROFILE = "";
				SDKROOT = iphoneos5.1;
				TARGETED_DEVICE_FAMILY = 1;
				VALID_ARCHS = armv7;
				WRAPPER_EXTENSION = app;
			};
			name = Debug;
		};
		E9945B8815E13E7C00EACAC6 /* Release */ = {
			isa = XCBuildConfiguration;
			buildSettings = {
				CODE_SIGN_IDENTITY = "iPhone Distribution";
				"CODE_SIGN_IDENTITY[sdk=iphoneos*]" = "iPhone Distribution";
				GCC_PRECOMPILE_PREFIX_HEADER = YES;
				GCC_PREFIX_HEADER = "klubitus/klubitus-Prefix.pch";
				INFOPLIST_FILE = "klubitus/klubitus-Info.plist";
				IPHONEOS_DEPLOYMENT_TARGET = 5.0;
				LIBRARY_SEARCH_PATHS = (
					"$(inherited)",
					"\"$(SRCROOT)/GoogleAnalyticsiOS\"",
				);
				PRODUCT_NAME = "$(TARGET_NAME)";
				PROVISIONING_PROFILE = "";
				"PROVISIONING_PROFILE[sdk=iphoneos*]" = "";
				SDKROOT = iphoneos5.1;
				TARGETED_DEVICE_FAMILY = 1;
				VALID_ARCHS = armv7;
				WRAPPER_EXTENSION = app;
			};
			name = Release;
		};
/* End XCBuildConfiguration section */

/* Begin XCConfigurationList section */
		E9945B5F15E13E7B00EACAC6 /* Build configuration list for PBXProject "klubitus" */ = {
			isa = XCConfigurationList;
			buildConfigurations = (
				E9945B8415E13E7C00EACAC6 /* Debug */,
				E9945B8515E13E7C00EACAC6 /* Release */,
			);
			defaultConfigurationIsVisible = 0;
			defaultConfigurationName = Release;
		};
		E9945B8615E13E7C00EACAC6 /* Build configuration list for PBXNativeTarget "klubitus" */ = {
			isa = XCConfigurationList;
			buildConfigurations = (
				E9945B8715E13E7C00EACAC6 /* Debug */,
				E9945B8815E13E7C00EACAC6 /* Release */,
			);
			defaultConfigurationIsVisible = 0;
			defaultConfigurationName = Release;
		};
/* End XCConfigurationList section */
	};
	rootObject = E9945B5C15E13E7B00EACAC6 /* Project object */;
}
